<?xml version="1.0" encoding="utf-8"?>
<Project ToolsVersion="4.0" xmlns="http://schemas.microsoft.com/developer/msbuild/2003">
  <ItemGroup>
    <Filter Include="ソース ファイル">
      <UniqueIdentifier>{4FC737F1-C7A5-4376-A066-2A32D752A2FF}</UniqueIdentifier>
      <Extensions>cpp;c;cc;cxx;c++;cppm;ixx;def;odl;idl;hpj;bat;asm;asmx</Extensions>
    </Filter>
    <Filter Include="ヘッダー ファイル">
      <UniqueIdentifier>{93995380-89BD-4b04-88EB-625FBE52EBFB}</UniqueIdentifier>
      <Extensions>h;hh;hpp;hxx;h++;hm;inl;inc;ipp;xsd</Extensions>
    </Filter>
    <Filter Include="リソース ファイル">
      <UniqueIdentifier>{67DA6AB6-F800-4c08-8B7A-83BB121AAD01}</UniqueIdentifier>
      <Extensions>rc;ico;cur;bmp;dlg;rc2;rct;bin;rgs;gif;jpg;jpeg;jpe;resx;tiff;tif;png;wav;mfcribbon-ms</Extensions>
    </Filter>
    <Filter Include="ソース ファイル\Object">
      <UniqueIdentifier>{f1e27636-b122-46bf-8935-a00e668f9337}</UniqueIdentifier>
    </Filter>
    <Filter Include="ソース ファイル\Scene">
      <UniqueIdentifier>{bc0eaa8c-3b97-45ca-844f-55868bdc1d3f}</UniqueIdentifier>
    </Filter>
    <Filter Include="ソース ファイル\Skill">
      <UniqueIdentifier>{805a07ef-1f7e-463f-91a6-0aa35785cf6a}</UniqueIdentifier>
    </Filter>
    <Filter Include="ソース ファイル\Object\Character">
      <UniqueIdentifier>{c423e849-54dd-44fb-b701-ed4b65810ebb}</UniqueIdentifier>
    </Filter>
    <Filter Include="ソース ファイル\Object\Character\Player">
      <UniqueIdentifier>{4303b1b4-2462-4ebb-aefc-4c70b149d632}</UniqueIdentifier>
    </Filter>
    <Filter Include="ソース ファイル\Object\Character\Enemy">
      <UniqueIdentifier>{04593185-ba16-4d71-af4d-5ee68984594b}</UniqueIdentifier>
    </Filter>
    <Filter Include="ソース ファイル\Manager">
      <UniqueIdentifier>{40df20c4-02a0-4420-83e1-30958c7ef010}</UniqueIdentifier>
    </Filter>
    <Filter Include="ヘッダー ファイル\Manager">
      <UniqueIdentifier>{84997fe5-3e6f-4bf9-9714-0a94887424b6}</UniqueIdentifier>
    </Filter>
    <Filter Include="ヘッダー ファイル\Object">
      <UniqueIdentifier>{85c836a4-eb2d-4ab4-aabf-ecd60cbf498a}</UniqueIdentifier>
    </Filter>
    <Filter Include="ヘッダー ファイル\Scene">
      <UniqueIdentifier>{5a8e16b6-8018-4f7a-9d2d-6c276562495b}</UniqueIdentifier>
    </Filter>
    <Filter Include="ヘッダー ファイル\Skill">
      <UniqueIdentifier>{150b7f52-d6e3-4b43-a1b9-4adaceee27e3}</UniqueIdentifier>
    </Filter>
    <Filter Include="ヘッダー ファイル\Object\Character">
      <UniqueIdentifier>{c50cf5cf-cbed-4c77-a00b-0f50e103e76f}</UniqueIdentifier>
    </Filter>
    <Filter Include="ヘッダー ファイル\Object\Character\Player">
      <UniqueIdentifier>{feda1f56-2bcb-4fe0-8d14-ca76b8857001}</UniqueIdentifier>
    </Filter>
    <Filter Include="ヘッダー ファイル\Object\Character\Enemy">
      <UniqueIdentifier>{1ea7ad06-327d-46a4-8ba9-e9a1289e77ce}</UniqueIdentifier>
    </Filter>
  </ItemGroup>
  <ItemGroup>
    <ClCompile Include="Data\Script\Main.cpp">
      <Filter>ソース ファイル</Filter>
    </ClCompile>
    <ClCompile Include="Data\Script\Object\ObjectBase.cpp">
      <Filter>ソース ファイル\Object</Filter>
    </ClCompile>
    <ClCompile Include="Data\Script\Scene\SceneBase.cpp">
      <Filter>ソース ファイル\Scene</Filter>
    </ClCompile>
    <ClCompile Include="Data\Script\Skill\SkillBase.cpp">
      <Filter>ソース ファイル\Skill</Filter>
    </ClCompile>
    <ClCompile Include="Data\Script\Object\CharacterBase.cpp">
      <Filter>ソース ファイル\Object\Character</Filter>
    </ClCompile>
    <ClCompile Include="Data\Script\Object\Player.cpp">
      <Filter>ソース ファイル\Object\Character\Player</Filter>
    </ClCompile>
    <ClCompile Include="Data\Script\Scene\GameScene.cpp">
      <Filter>ソース ファイル\Scene</Filter>
    </ClCompile>
    <ClCompile Include="Data\Script\Manager\SceneManager.cpp">
      <Filter>ソース ファイル\Manager</Filter>
    </ClCompile>
    <ClCompile Include="Data\Script\Manager\AnimationManager.cpp">
      <Filter>ソース ファイル\Manager</Filter>
    </ClCompile>
    <ClCompile Include="Data\Script\Object\Camera.cpp">
      <Filter>ソース ファイル</Filter>
    </ClCompile>
    <ClCompile Include="Data\Script\Light.cpp">
      <Filter>ソース ファイル</Filter>
    </ClCompile>
    <ClCompile Include="Data\Script\Config.cpp">
      <Filter>ソース ファイル</Filter>
    </ClCompile>
    <ClCompile Include="Data\Script\Object\Boss.cpp">
      <Filter>ソース ファイル</Filter>
    </ClCompile>
    <ClCompile Include="Data\Script\Manager\UIManager.cpp">
      <Filter>ソース ファイル\Manager</Filter>
    </ClCompile>
    <ClCompile Include="Data\Script\Scene\TitleScene.cpp">
      <Filter>ソース ファイル\Scene</Filter>
    </ClCompile>
    <ClCompile Include="Data\Script\Scene\HubScene.cpp">
      <Filter>ソース ファイル\Scene</Filter>
    </ClCompile>
    <ClCompile Include="Data\Script\Scene\DebugScene.cpp">
      <Filter>ソース ファイル\Scene</Filter>
    </ClCompile>
    <ClCompile Include="Data\Script\Physics.cpp">
      <Filter>ソース ファイル</Filter>
    </ClCompile>
    <ClCompile Include="Data\Script\UIPanel.cpp">
      <Filter>ソース ファイル</Filter>
    </ClCompile>
  </ItemGroup>
  <ItemGroup>
    <ClInclude Include="Data\Script\Quaternion.h">
      <Filter>ヘッダー ファイル</Filter>
    </ClInclude>
    <ClInclude Include="Data\Script\Manager\SceneManager.h">
      <Filter>ヘッダー ファイル\Manager</Filter>
    </ClInclude>
    <ClInclude Include="Data\Script\Scene\GameScene.h">
      <Filter>ヘッダー ファイル\Scene</Filter>
    </ClInclude>
    <ClInclude Include="Data\Script\Object\ObjectBase.h">
      <Filter>ヘッダー ファイル\Object</Filter>
    </ClInclude>
    <ClInclude Include="Data\Script\Scene\SceneBase.h">
      <Filter>ヘッダー ファイル\Scene</Filter>
    </ClInclude>
    <ClInclude Include="Data\Script\Skill\SkillBase.h">
      <Filter>ヘッダー ファイル\Skill</Filter>
    </ClInclude>
    <ClInclude Include="Data\Script\Object\CharacterBase.h">
      <Filter>ヘッダー ファイル\Object\Character</Filter>
    </ClInclude>
    <ClInclude Include="Data\Script\Object\Player.h">
      <Filter>ヘッダー ファイル\Object\Character\Player</Filter>
    </ClInclude>
    <ClInclude Include="Data\Script\Manager\AnimationManager.h">
      <Filter>ヘッダー ファイル\Manager</Filter>
    </ClInclude>
    <ClInclude Include="Data\Script\Object\Camera.h">
      <Filter>ヘッダー ファイル</Filter>
    </ClInclude>
    <ClInclude Include="Data\Script\Light.h">
      <Filter>ヘッダー ファイル</Filter>
    </ClInclude>
    <ClInclude Include="Data\Script\Config.h">
      <Filter>ヘッダー ファイル</Filter>
    </ClInclude>
    <ClInclude Include="Data\Script\Object\Boss.h">
      <Filter>ヘッダー ファイル</Filter>
    </ClInclude>
    <ClInclude Include="Data\Script\Manager\UIManager.h">
      <Filter>ヘッダー ファイル\Manager</Filter>
    </ClInclude>
    <ClInclude Include="Data\Script\Scene\TitleScene.h">
      <Filter>ヘッダー ファイル\Scene</Filter>
    </ClInclude>
    <ClInclude Include="Data\Script\Scene\HubScene.h">
      <Filter>ヘッダー ファイル\Scene</Filter>
    </ClInclude>
    <ClInclude Include="Data\Script\Scene\DebugScene.h">
      <Filter>ヘッダー ファイル\Scene</Filter>
    </ClInclude>
    <ClInclude Include="Data\Script\Physics.h">
      <Filter>ヘッダー ファイル</Filter>
    </ClInclude>
    <ClInclude Include="Data\Script\Game.h">
      <Filter>ヘッダー ファイル</Filter>
    </ClInclude>
    <ClInclude Include="Data\Script\UIPanel.h">
      <Filter>ヘッダー ファイル</Filter>
    </ClInclude>
  </ItemGroup>
</Project>